
Microsoft Visual Studio Solution File, Format Version 12.00
# Visual Studio Version 17
VisualStudioVersion = 17.5.002.0
MinimumVisualStudioVersion = 10.0.40219.1
Project("{9A19103F-16F7-4668-BE54-9A1E7A4F7556}") = "ListaTarefas", "ListaTarefas.csproj", "{DAE37EA0-5373-4363-BB81-0FCDFB4B836A}"
EndProject
Global
	GlobalSection(SolutionConfigurationPlatforms) = preSolution
		Debug|Any CPU = Debug|Any CPU
		Release|Any CPU = Release|Any CPU
	EndGlobalSection
	GlobalSection(ProjectConfigurationPlatforms) = postSolution
		{DAE37EA0-5373-4363-BB81-0FCDFB4B836A}.Debug|Any CPU.ActiveCfg = Debug|Any CPU
		{DAE37EA0-5373-4363-BB81-0FCDFB4B836A}.Debug|Any CPU.Build.0 = Debug|Any CPU
		{DAE37EA0-5373-4363-BB81-0FCDFB4B836A}.Release|Any CPU.ActiveCfg = Release|Any CPU
		{DAE37EA0-5373-4363-BB81-0FCDFB4B836A}.Release|Any CPU.Build.0 = Release|Any CPU
	EndGlobalSection
	GlobalSection(SolutionProperties) = preSolution
		HideSolutionNode = FALSE
	EndGlobalSection
	GlobalSection(ExtensibilityGlobals) = postSolution
		SolutionGuid = {1AC7F336-601B-4EEA-B0B2-8F9FD538EF6C}
	EndGlobalSection
EndGlobal
